
Microsoft Visual Studio Solution File, Format Version 12.00
# Visual Studio Version 17
VisualStudioVersion = 17.2.32516.85
MinimumVisualStudioVersion = 10.0.40219.1
Project("{9A19103F-16F7-4668-BE54-9A1E7A4F7556}") = "DataAccess", "DataAccess\DataAccess.csproj", "{B27E6164-4574-4445-9501-72D3CEC1285E}"
EndProject
Project("{9A19103F-16F7-4668-BE54-9A1E7A4F7556}") = "Business", "Business\Business.csproj", "{CA8E5905-BC90-4779-AD7C-E4AA682336F9}"
EndProject
Project("{9A19103F-16F7-4668-BE54-9A1E7A4F7556}") = "Entities", "Entities\Entities.csproj", "{BD64AD2A-27F3-44AF-9644-671BFBCB29AA}"
EndProject
Project("{9A19103F-16F7-4668-BE54-9A1E7A4F7556}") = "ConsoleUI", "ConsoleUI\ConsoleUI.csproj", "{2A1BF585-ED32-4F68-87EB-D7D321176D3B}"
EndProject
Project("{FAE04EC0-301F-11D3-BF4B-00C04F79EFBC}") = "Core", "Core\Core.csproj", "{0C134976-12ED-43A3-AC72-BF5B045BDEC9}"
EndProject
Global
	GlobalSection(SolutionConfigurationPlatforms) = preSolution
		Debug|Any CPU = Debug|Any CPU
		Release|Any CPU = Release|Any CPU
	EndGlobalSection
	GlobalSection(ProjectConfigurationPlatforms) = postSolution
		{B27E6164-4574-4445-9501-72D3CEC1285E}.Debug|Any CPU.ActiveCfg = Debug|Any CPU
		{B27E6164-4574-4445-9501-72D3CEC1285E}.Debug|Any CPU.Build.0 = Debug|Any CPU
		{B27E6164-4574-4445-9501-72D3CEC1285E}.Release|Any CPU.ActiveCfg = Release|Any CPU
		{B27E6164-4574-4445-9501-72D3CEC1285E}.Release|Any CPU.Build.0 = Release|Any CPU
		{CA8E5905-BC90-4779-AD7C-E4AA682336F9}.Debug|Any CPU.ActiveCfg = Debug|Any CPU
		{CA8E5905-BC90-4779-AD7C-E4AA682336F9}.Debug|Any CPU.Build.0 = Debug|Any CPU
		{CA8E5905-BC90-4779-AD7C-E4AA682336F9}.Release|Any CPU.ActiveCfg = Release|Any CPU
		{CA8E5905-BC90-4779-AD7C-E4AA682336F9}.Release|Any CPU.Build.0 = Release|Any CPU
		{BD64AD2A-27F3-44AF-9644-671BFBCB29AA}.Debug|Any CPU.ActiveCfg = Debug|Any CPU
		{BD64AD2A-27F3-44AF-9644-671BFBCB29AA}.Debug|Any CPU.Build.0 = Debug|Any CPU
		{BD64AD2A-27F3-44AF-9644-671BFBCB29AA}.Release|Any CPU.ActiveCfg = Release|Any CPU
		{BD64AD2A-27F3-44AF-9644-671BFBCB29AA}.Release|Any CPU.Build.0 = Release|Any CPU
		{2A1BF585-ED32-4F68-87EB-D7D321176D3B}.Debug|Any CPU.ActiveCfg = Debug|Any CPU
		{2A1BF585-ED32-4F68-87EB-D7D321176D3B}.Debug|Any CPU.Build.0 = Debug|Any CPU
		{2A1BF585-ED32-4F68-87EB-D7D321176D3B}.Release|Any CPU.ActiveCfg = Release|Any CPU
		{2A1BF585-ED32-4F68-87EB-D7D321176D3B}.Release|Any CPU.Build.0 = Release|Any CPU
		{0C134976-12ED-43A3-AC72-BF5B045BDEC9}.Debug|Any CPU.ActiveCfg = Debug|Any CPU
		{0C134976-12ED-43A3-AC72-BF5B045BDEC9}.Debug|Any CPU.Build.0 = Debug|Any CPU
		{0C134976-12ED-43A3-AC72-BF5B045BDEC9}.Release|Any CPU.ActiveCfg = Release|Any CPU
		{0C134976-12ED-43A3-AC72-BF5B045BDEC9}.Release|Any CPU.Build.0 = Release|Any CPU
	EndGlobalSection
	GlobalSection(SolutionProperties) = preSolution
		HideSolutionNode = FALSE
	EndGlobalSection
	GlobalSection(ExtensibilityGlobals) = postSolution
		SolutionGuid = {A60500A1-CC5F-4F06-A79C-8AE36E4B0AFC}
	EndGlobalSection
EndGlobal
